
Microsoft Visual Studio Solution File, Format Version 12.00
Project("{FAE04EC0-301F-11D3-BF4B-00C04F79EFBC}") = "ProjectMicroservice", "ProjectMicroservice\ProjectMicroservice.csproj", "{1F7F7697-E5E1-4960-9B32-71C9D343E79C}"
EndProject
Global
	GlobalSection(SolutionConfigurationPlatforms) = preSolution
		Debug|Any CPU = Debug|Any CPU
		Release|Any CPU = Release|Any CPU
	EndGlobalSection
	GlobalSection(ProjectConfigurationPlatforms) = postSolution
		{1F7F7697-E5E1-4960-9B32-71C9D343E79C}.Debug|Any CPU.ActiveCfg = Debug|Any CPU
		{1F7F7697-E5E1-4960-9B32-71C9D343E79C}.Debug|Any CPU.Build.0 = Debug|Any CPU
		{1F7F7697-E5E1-4960-9B32-71C9D343E79C}.Release|Any CPU.ActiveCfg = Release|Any CPU
		{1F7F7697-E5E1-4960-9B32-71C9D343E79C}.Release|Any CPU.Build.0 = Release|Any CPU
	EndGlobalSection
EndGlobal
